github.com/loopholelabs/userfaultfd-go v0.1.0 h1:9vW0i1FCTmxc2Z/N33VqfqOjujb+KgzPJ8KjezwbLfY=
github.com/loopholelabs/userfaultfd-go v0.1.0/go.mod h1:wq/hgKCrLXRvZ1MVVWM28csz2JA0+bnFnmHYaPoAQOk=
golang.org/x/sys v0.4.0 h1:Zr2JFtRQNX3BCZ8YtxRE9hNJYC8J6I1MVbMg6owUp18=
golang.org/x/sys v0.4.0/go.mod h1:oPkhp1MJrh7nUepCBck5+mAzfO9JrbApNNgaTdGDITg=
